
Microsoft Visual Studio Solution File, Format Version 12.00
# Visual Studio Version 16
VisualStudioVersion = 16.0.30011.22
MinimumVisualStudioVersion = 10.0.40219.1
Project("{FAE04EC0-301F-11D3-BF4B-00C04F79EFBC}") = "Join.Models", "Join.Models\Join.Models.csproj", "{4071D1B7-2D57-4E15-8CBF-F7919905B565}"
EndProject
Project("{FAE04EC0-301F-11D3-BF4B-00C04F79EFBC}") = "Join.Data", "Join.Data\Join.Data.csproj", "{F3574CB3-005A-43BC-BE8F-30EBE0044BFA}"
EndProject
Project("{FAE04EC0-301F-11D3-BF4B-00C04F79EFBC}") = "Join.WebApi", "Join.WebApi\Join.WebApi.csproj", "{B095DFBD-7D8F-491A-A5AE-D65FC34F5303}"
EndProject
Global
	GlobalSection(SolutionConfigurationPlatforms) = preSolution
		Debug|Any CPU = Debug|Any CPU
		Release|Any CPU = Release|Any CPU
	EndGlobalSection
	GlobalSection(ProjectConfigurationPlatforms) = postSolution
		{4071D1B7-2D57-4E15-8CBF-F7919905B565}.Debug|Any CPU.ActiveCfg = Debug|Any CPU
		{4071D1B7-2D57-4E15-8CBF-F7919905B565}.Debug|Any CPU.Build.0 = Debug|Any CPU
		{4071D1B7-2D57-4E15-8CBF-F7919905B565}.Release|Any CPU.ActiveCfg = Release|Any CPU
		{4071D1B7-2D57-4E15-8CBF-F7919905B565}.Release|Any CPU.Build.0 = Release|Any CPU
		{F3574CB3-005A-43BC-BE8F-30EBE0044BFA}.Debug|Any CPU.ActiveCfg = Debug|Any CPU
		{F3574CB3-005A-43BC-BE8F-30EBE0044BFA}.Debug|Any CPU.Build.0 = Debug|Any CPU
		{F3574CB3-005A-43BC-BE8F-30EBE0044BFA}.Release|Any CPU.ActiveCfg = Release|Any CPU
		{F3574CB3-005A-43BC-BE8F-30EBE0044BFA}.Release|Any CPU.Build.0 = Release|Any CPU
		{B095DFBD-7D8F-491A-A5AE-D65FC34F5303}.Debug|Any CPU.ActiveCfg = Debug|Any CPU
		{B095DFBD-7D8F-491A-A5AE-D65FC34F5303}.Debug|Any CPU.Build.0 = Debug|Any CPU
		{B095DFBD-7D8F-491A-A5AE-D65FC34F5303}.Release|Any CPU.ActiveCfg = Release|Any CPU
		{B095DFBD-7D8F-491A-A5AE-D65FC34F5303}.Release|Any CPU.Build.0 = Release|Any CPU
	EndGlobalSection
	GlobalSection(SolutionProperties) = preSolution
		HideSolutionNode = FALSE
	EndGlobalSection
	GlobalSection(ExtensibilityGlobals) = postSolution
		SolutionGuid = {0CB4F11D-A751-4119-A0F4-1A64E414BAD8}
	EndGlobalSection
EndGlobal
